# Generated by pub
# See http://pub.dartlang.org/doc/glossary.html#lockfile

{"packages":{"browser":{"version":"0.5.1","source":"hosted","description":"browser"},"js":{"version":"0.0.22","source":"hosted","description":"js"},"meta":{"version":"0.5.1","source":"hosted","description":"meta"},"unittest":{"version":"0.3.5+1","source":"hosted","description":"unittest"},"xml":{"version":"0.9.3+1","source":"hosted","description":"xml"}}}
